# This file is automatically @generated by Cargo.
# It is not intended for manual editing.
version = 3

[[package]]
name = "dumbfuzz"
version = "1.0.0"
source = "registry+https://github.com/rust-lang/crates.io-index"
checksum = "5c4f5c7d71b87eaaacd54d090003396138b5dc56246d2d29791da1b8c06cb4b4"

[[package]]
name = "hotfuzz-core"
version = "0.1.0"
dependencies = [
 "dumbfuzz",
 "preftree",
]

[[package]]
name = "preftree"
version = "0.1.0"
source = "registry+https://github.com/rust-lang/crates.io-index"
checksum = "83ad1284da0db5fdaf95fafddb332bf8408dcad65dc5e9d25bf1a6b6ff3abe02"
